# generated by rye
# use `rye lock` or `rye sync` to update this lockfile
#
# last locked with the following flags:
#   pre: false
#   features: []
#   all-features: false
#   with-sources: false
#   generate-hashes: false
#   universal: false

-e file:.
cffi==1.17.1
    # via pyheif
pillow==10.4.0
    # via caption-project
pycparser==2.22
    # via cffi
pyheif==0.8.0
    # via caption-project
