# generated by rye
# use `rye lock` or `rye sync` to update this lockfile
#
# last locked with the following flags:
#   pre: false
#   features: []
#   all-features: false
#   with-sources: false
#   generate-hashes: false
#   universal: false

-e file:.
argcomplete==3.5.1
    # via commitizen
cffi==1.17.1
    # via pyheif
charset-normalizer==3.4.0
    # via commitizen
colorama==0.4.6
    # via commitizen
commitizen==3.29.1
decli==0.6.2
    # via commitizen
iniconfig==2.0.0
    # via pytest
jinja2==3.1.4
    # via commitizen
markupsafe==3.0.1
    # via jinja2
maturin==1.7.4
packaging==24.1
    # via commitizen
    # via pytest
pillow==10.4.0
    # via caption-project
pluggy==1.5.0
    # via pytest
prompt-toolkit==3.0.36
    # via questionary
pycparser==2.22
    # via cffi
pyheif==0.8.0
    # via caption-project
pytest==8.3.3
pyyaml==6.0.2
    # via commitizen
questionary==2.0.1
    # via commitizen
termcolor==2.5.0
    # via commitizen
tomlkit==0.13.2
    # via commitizen
wcwidth==0.2.13
    # via prompt-toolkit
