# generated by rye
# use `rye lock` or `rye sync` to update this lockfile
#
# last locked with the following flags:
#   pre: false
#   features: []
#   all-features: false
#   with-sources: false

-e file:.
bandit==1.7.8
    # via the-hop-test
cfgv==3.4.0
    # via pre-commit
colorama==0.4.6
    # via radon
distlib==0.3.8
    # via virtualenv
filelock==3.13.1
    # via virtualenv
identify==2.5.35
    # via pre-commit
iniconfig==2.0.0
    # via pytest
mando==0.7.1
    # via radon
markdown-it-py==3.0.0
    # via rich
mdurl==0.1.2
    # via markdown-it-py
nodeenv==1.8.0
    # via pre-commit
packaging==23.2
    # via pytest
pbr==6.0.0
    # via stevedore
platformdirs==4.2.0
    # via virtualenv
pluggy==1.4.0
    # via pytest
pre-commit==3.6.2
pygments==2.17.2
    # via rich
pytest==8.0.2
pyyaml==6.0.1
    # via bandit
    # via pre-commit
radon==6.0.1
    # via the-hop-test
rich==13.7.1
    # via bandit
    # via the-hop-test
setuptools==69.2.0
    # via nodeenv
six==1.16.0
    # via mando
stevedore==5.2.0
    # via bandit
virtualenv==20.25.1
    # via pre-commit
