version = 1
requires-python = "==3.8.*"

[[package]]
name = "certifi"
version = "2024.8.30"
source = { registry = "https://pypi.tuna.tsinghua.edu.cn/simple/" }
sdist = { url = "https://pypi.tuna.tsinghua.edu.cn/packages/b0/ee/9b19140fe824b367c04c5e1b369942dd754c4c5462d5674002f75c4dedc1/certifi-2024.8.30.tar.gz", hash = "sha256:bec941d2aa8195e248a60b31ff9f0558284cf01a52591ceda73ea9afffd69fd9", size = 168507 }
wheels = [
    { url = "https://pypi.tuna.tsinghua.edu.cn/packages/12/90/3c9ff0512038035f59d279fddeb79f5f1eccd8859f06d6163c58798b9487/certifi-2024.8.30-py3-none-any.whl", hash = "sha256:922820b53db7a7257ffbda3f597266d435245903d80737e34f8a45ff3e3230d8", size = 167321 },
]

[[package]]
name = "charset-normalizer"
version = "3.4.0"
source = { registry = "https://pypi.tuna.tsinghua.edu.cn/simple/" }
sdist = { url = "https://pypi.tuna.tsinghua.edu.cn/packages/f2/4f/e1808dc01273379acc506d18f1504eb2d299bd4131743b9fc54d7be4df1e/charset_normalizer-3.4.0.tar.gz", hash = "sha256:223217c3d4f82c3ac5e29032b3f1c2eb0fb591b72161f86d93f5719079dae93e", size = 106620 }
wheels = [
    { url = "https://pypi.tuna.tsinghua.edu.cn/packages/86/f4/ccab93e631e7293cca82f9f7ba39783c967f823a0000df2d8dd743cad74f/charset_normalizer-3.4.0-cp38-cp38-macosx_10_9_universal2.whl", hash = "sha256:af73657b7a68211996527dbfeffbb0864e043d270580c5aef06dc4b659a4b578", size = 193961 },
    { url = "https://pypi.tuna.tsinghua.edu.cn/packages/94/d4/2b21cb277bac9605026d2d91a4a8872bc82199ed11072d035dc674c27223/charset_normalizer-3.4.0-cp38-cp38-macosx_10_9_x86_64.whl", hash = "sha256:cab5d0b79d987c67f3b9e9c53f54a61360422a5a0bc075f43cab5621d530c3b6", size = 124507 },
    { url = "https://pypi.tuna.tsinghua.edu.cn/packages/9a/e0/a7c1fcdff20d9c667342e0391cfeb33ab01468d7d276b2c7914b371667cc/charset_normalizer-3.4.0-cp38-cp38-macosx_11_0_arm64.whl", hash = "sha256:9289fd5dddcf57bab41d044f1756550f9e7cf0c8e373b8cdf0ce8773dc4bd417", size = 119298 },
    { url = "https://pypi.tuna.tsinghua.edu.cn/packages/70/de/1538bb2f84ac9940f7fa39945a5dd1d22b295a89c98240b262fc4b9fcfe0/charset_normalizer-3.4.0-cp38-cp38-manylinux_2_17_aarch64.manylinux2014_aarch64.whl", hash = "sha256:6b493a043635eb376e50eedf7818f2f322eabbaa974e948bd8bdd29eb7ef2a51", size = 139328 },
    { url = "https://pypi.tuna.tsinghua.edu.cn/packages/e9/ca/288bb1a6bc2b74fb3990bdc515012b47c4bc5925c8304fc915d03f94b027/charset_normalizer-3.4.0-cp38-cp38-manylinux_2_17_ppc64le.manylinux2014_ppc64le.whl", hash = "sha256:9fa2566ca27d67c86569e8c85297aaf413ffab85a8960500f12ea34ff98e4c41", size = 149368 },
    { url = "https://pypi.tuna.tsinghua.edu.cn/packages/aa/75/58374fdaaf8406f373e508dab3486a31091f760f99f832d3951ee93313e8/charset_normalizer-3.4.0-cp38-cp38-manylinux_2_17_s390x.manylinux2014_s390x.whl", hash = "sha256:a8e538f46104c815be19c975572d74afb53f29650ea2025bbfaef359d2de2f7f", size = 141944 },
    { url = "https://pypi.tuna.tsinghua.edu.cn/packages/32/c8/0bc558f7260db6ffca991ed7166494a7da4fda5983ee0b0bfc8ed2ac6ff9/charset_normalizer-3.4.0-cp38-cp38-manylinux_2_17_x86_64.manylinux2014_x86_64.whl", hash = "sha256:6fd30dc99682dc2c603c2b315bded2799019cea829f8bf57dc6b61efde6611c8", size = 143326 },
    { url = "https://pypi.tuna.tsinghua.edu.cn/packages/0e/dd/7f6fec09a1686446cee713f38cf7d5e0669e0bcc8288c8e2924e998cf87d/charset_normalizer-3.4.0-cp38-cp38-manylinux_2_5_i686.manylinux1_i686.manylinux_2_17_i686.manylinux2014_i686.whl", hash = "sha256:2006769bd1640bdf4d5641c69a3d63b71b81445473cac5ded39740a226fa88ab", size = 146171 },
    { url = "https://pypi.tuna.tsinghua.edu.cn/packages/4c/a8/440f1926d6d8740c34d3ca388fbd718191ec97d3d457a0677eb3aa718fce/charset_normalizer-3.4.0-cp38-cp38-musllinux_1_2_aarch64.whl", hash = "sha256:dc15e99b2d8a656f8e666854404f1ba54765871104e50c8e9813af8a7db07f12", size = 139711 },
    { url = "https://pypi.tuna.tsinghua.edu.cn/packages/e9/7f/4b71e350a3377ddd70b980bea1e2cc0983faf45ba43032b24b2578c14314/charset_normalizer-3.4.0-cp38-cp38-musllinux_1_2_i686.whl", hash = "sha256:ab2e5bef076f5a235c3774b4f4028a680432cded7cad37bba0fd90d64b187d19", size = 148348 },
    { url = "https://pypi.tuna.tsinghua.edu.cn/packages/1e/70/17b1b9202531a33ed7ef41885f0d2575ae42a1e330c67fddda5d99ad1208/charset_normalizer-3.4.0-cp38-cp38-musllinux_1_2_ppc64le.whl", hash = "sha256:4ec9dd88a5b71abfc74e9df5ebe7921c35cbb3b641181a531ca65cdb5e8e4dea", size = 151290 },
    { url = "https://pypi.tuna.tsinghua.edu.cn/packages/44/30/574b5b5933d77ecb015550aafe1c7d14a8cd41e7e6c4dcea5ae9e8d496c3/charset_normalizer-3.4.0-cp38-cp38-musllinux_1_2_s390x.whl", hash = "sha256:43193c5cda5d612f247172016c4bb71251c784d7a4d9314677186a838ad34858", size = 149114 },
    { url = "https://pypi.tuna.tsinghua.edu.cn/packages/0b/11/ca7786f7e13708687443082af20d8341c02e01024275a28bc75032c5ce5d/charset_normalizer-3.4.0-cp38-cp38-musllinux_1_2_x86_64.whl", hash = "sha256:aa693779a8b50cd97570e5a0f343538a8dbd3e496fa5dcb87e29406ad0299654", size = 143856 },
    { url = "https://pypi.tuna.tsinghua.edu.cn/packages/f9/c2/1727c1438256c71ed32753b23ec2e6fe7b6dff66a598f6566cfe8139305e/charset_normalizer-3.4.0-cp38-cp38-win32.whl", hash = "sha256:7706f5850360ac01d80c89bcef1640683cc12ed87f42579dab6c5d3ed6888613", size = 94333 },
    { url = "https://pypi.tuna.tsinghua.edu.cn/packages/09/c8/0e17270496a05839f8b500c1166e3261d1226e39b698a735805ec206967b/charset_normalizer-3.4.0-cp38-cp38-win_amd64.whl", hash = "sha256:c3e446d253bd88f6377260d07c895816ebf33ffffd56c1c792b13bff9c3e1ade", size = 101454 },
    { url = "https://pypi.tuna.tsinghua.edu.cn/packages/bf/9b/08c0432272d77b04803958a4598a51e2a4b51c06640af8b8f0f908c18bf2/charset_normalizer-3.4.0-py3-none-any.whl", hash = "sha256:fe9f97feb71aa9896b81973a7bbada8c49501dc73e58a10fcef6663af95e5079", size = 49446 },
]

[[package]]
name = "filelock"
version = "3.16.1"
source = { registry = "https://pypi.tuna.tsinghua.edu.cn/simple/" }
sdist = { url = "https://pypi.tuna.tsinghua.edu.cn/packages/9d/db/3ef5bb276dae18d6ec2124224403d1d67bccdbefc17af4cc8f553e341ab1/filelock-3.16.1.tar.gz", hash = "sha256:c249fbfcd5db47e5e2d6d62198e565475ee65e4831e2561c8e313fa7eb961435", size = 18037 }
wheels = [
    { url = "https://pypi.tuna.tsinghua.edu.cn/packages/b9/f8/feced7779d755758a52d1f6635d990b8d98dc0a29fa568bbe0625f18fdf3/filelock-3.16.1-py3-none-any.whl", hash = "sha256:2082e5703d51fbf98ea75855d9d5527e33d8ff23099bec374a134febee6946b0", size = 16163 },
]

[[package]]
name = "fsspec"
version = "2024.9.0"
source = { registry = "https://pypi.tuna.tsinghua.edu.cn/simple/" }
sdist = { url = "https://pypi.tuna.tsinghua.edu.cn/packages/62/7c/12b0943011daaaa9c35c2a2e22e5eb929ac90002f08f1259d69aedad84de/fsspec-2024.9.0.tar.gz", hash = "sha256:4b0afb90c2f21832df142f292649035d80b421f60a9e1c027802e5a0da2b04e8", size = 286206 }
wheels = [
    { url = "https://pypi.tuna.tsinghua.edu.cn/packages/1d/a0/6aaea0c2fbea2f89bfd5db25fb1e3481896a423002ebe4e55288907a97a3/fsspec-2024.9.0-py3-none-any.whl", hash = "sha256:a0947d552d8a6efa72cc2c730b12c41d043509156966cca4fb157b0f2a0c574b", size = 179253 },
]

[[package]]
name = "idna"
version = "3.10"
source = { registry = "https://pypi.tuna.tsinghua.edu.cn/simple/" }
sdist = { url = "https://pypi.tuna.tsinghua.edu.cn/packages/f1/70/7703c29685631f5a7590aa73f1f1d3fa9a380e654b86af429e0934a32f7d/idna-3.10.tar.gz", hash = "sha256:12f65c9b470abda6dc35cf8e63cc574b1c52b11df2c86030af0ac09b01b13ea9", size = 190490 }
wheels = [
    { url = "https://pypi.tuna.tsinghua.edu.cn/packages/76/c6/c88e154df9c4e1a2a66ccf0005a88dfb2650c1dffb6f5ce603dfbd452ce3/idna-3.10-py3-none-any.whl", hash = "sha256:946d195a0d259cbba61165e88e65941f16e9b36ea6ddb97f00452bae8b1287d3", size = 70442 },
]

[[package]]
name = "jinja2"
version = "3.1.4"
source = { registry = "https://pypi.tuna.tsinghua.edu.cn/simple/" }
dependencies = [
    { name = "markupsafe" },
]
sdist = { url = "https://pypi.tuna.tsinghua.edu.cn/packages/ed/55/39036716d19cab0747a5020fc7e907f362fbf48c984b14e62127f7e68e5d/jinja2-3.1.4.tar.gz", hash = "sha256:4a3aee7acbbe7303aede8e9648d13b8bf88a429282aa6122a993f0ac800cb369", size = 240245 }
wheels = [
    { url = "https://pypi.tuna.tsinghua.edu.cn/packages/31/80/3a54838c3fb461f6fec263ebf3a3a41771bd05190238de3486aae8540c36/jinja2-3.1.4-py3-none-any.whl", hash = "sha256:bc5dd2abb727a5319567b7a813e6a2e7318c39f4f487cfe6c89c6f9c7d25197d", size = 133271 },
]

[[package]]
name = "markupsafe"
version = "2.1.5"
source = { registry = "https://pypi.tuna.tsinghua.edu.cn/simple/" }
sdist = { url = "https://pypi.tuna.tsinghua.edu.cn/packages/87/5b/aae44c6655f3801e81aa3eef09dbbf012431987ba564d7231722f68df02d/MarkupSafe-2.1.5.tar.gz", hash = "sha256:d283d37a890ba4c1ae73ffadf8046435c76e7bc2247bbb63c00bd1a709c6544b", size = 19384 }
wheels = [
    { url = "https://pypi.tuna.tsinghua.edu.cn/packages/f8/ff/2c942a82c35a49df5de3a630ce0a8456ac2969691b230e530ac12314364c/MarkupSafe-2.1.5-cp38-cp38-macosx_10_9_universal2.whl", hash = "sha256:656f7526c69fac7f600bd1f400991cc282b417d17539a1b228617081106feb4a", size = 18192 },
    { url = "https://pypi.tuna.tsinghua.edu.cn/packages/4f/14/6f294b9c4f969d0c801a4615e221c1e084722ea6114ab2114189c5b8cbe0/MarkupSafe-2.1.5-cp38-cp38-macosx_10_9_x86_64.whl", hash = "sha256:97cafb1f3cbcd3fd2b6fbfb99ae11cdb14deea0736fc2b0952ee177f2b813a46", size = 14072 },
    { url = "https://pypi.tuna.tsinghua.edu.cn/packages/81/d4/fd74714ed30a1dedd0b82427c02fa4deec64f173831ec716da11c51a50aa/MarkupSafe-2.1.5-cp38-cp38-manylinux_2_17_aarch64.manylinux2014_aarch64.whl", hash = "sha256:1f3fbcb7ef1f16e48246f704ab79d79da8a46891e2da03f8783a5b6fa41a9532", size = 26928 },
    { url = "https://pypi.tuna.tsinghua.edu.cn/packages/c7/bd/50319665ce81bb10e90d1cf76f9e1aa269ea6f7fa30ab4521f14d122a3df/MarkupSafe-2.1.5-cp38-cp38-manylinux_2_17_x86_64.manylinux2014_x86_64.whl", hash = "sha256:fa9db3f79de01457b03d4f01b34cf91bc0048eb2c3846ff26f66687c2f6d16ab", size = 26106 },
    { url = "https://pypi.tuna.tsinghua.edu.cn/packages/4c/6f/f2b0f675635b05f6afd5ea03c094557bdb8622fa8e673387444fe8d8e787/MarkupSafe-2.1.5-cp38-cp38-manylinux_2_5_i686.manylinux1_i686.manylinux_2_17_i686.manylinux2014_i686.whl", hash = "sha256:ffee1f21e5ef0d712f9033568f8344d5da8cc2869dbd08d87c84656e6a2d2f68", size = 25781 },
    { url = "https://pypi.tuna.tsinghua.edu.cn/packages/51/e0/393467cf899b34a9d3678e78961c2c8cdf49fb902a959ba54ece01273fb1/MarkupSafe-2.1.5-cp38-cp38-musllinux_1_1_aarch64.whl", hash = "sha256:5dedb4db619ba5a2787a94d877bc8ffc0566f92a01c0ef214865e54ecc9ee5e0", size = 30518 },
    { url = "https://pypi.tuna.tsinghua.edu.cn/packages/f6/02/5437e2ad33047290dafced9df741d9efc3e716b75583bbd73a9984f1b6f7/MarkupSafe-2.1.5-cp38-cp38-musllinux_1_1_i686.whl", hash = "sha256:30b600cf0a7ac9234b2638fbc0fb6158ba5bdcdf46aeb631ead21248b9affbc4", size = 29669 },
    { url = "https://pypi.tuna.tsinghua.edu.cn/packages/0e/7d/968284145ffd9d726183ed6237c77938c021abacde4e073020f920e060b2/MarkupSafe-2.1.5-cp38-cp38-musllinux_1_1_x86_64.whl", hash = "sha256:8dd717634f5a044f860435c1d8c16a270ddf0ef8588d4887037c5028b859b0c3", size = 29933 },
    { url = "https://pypi.tuna.tsinghua.edu.cn/packages/bf/f3/ecb00fc8ab02b7beae8699f34db9357ae49d9f21d4d3de6f305f34fa949e/MarkupSafe-2.1.5-cp38-cp38-win32.whl", hash = "sha256:daa4ee5a243f0f20d528d939d06670a298dd39b1ad5f8a72a4275124a7819eff", size = 16656 },
    { url = "https://pypi.tuna.tsinghua.edu.cn/packages/92/21/357205f03514a49b293e214ac39de01fadd0970a6e05e4bf1ddd0ffd0881/MarkupSafe-2.1.5-cp38-cp38-win_amd64.whl", hash = "sha256:619bc166c4f2de5caa5a633b8b7326fbe98e0ccbfacabd87268a2b15ff73a029", size = 17206 },
]

[[package]]
name = "mpmath"
version = "1.3.0"
source = { registry = "https://pypi.tuna.tsinghua.edu.cn/simple/" }
sdist = { url = "https://pypi.tuna.tsinghua.edu.cn/packages/e0/47/dd32fa426cc72114383ac549964eecb20ecfd886d1e5ccf5340b55b02f57/mpmath-1.3.0.tar.gz", hash = "sha256:7a28eb2a9774d00c7bc92411c19a89209d5da7c4c9a9e227be8330a23a25b91f", size = 508106 }
wheels = [
    { url = "https://pypi.tuna.tsinghua.edu.cn/packages/43/e3/7d92a15f894aa0c9c4b49b8ee9ac9850d6e63b03c9c32c0367a13ae62209/mpmath-1.3.0-py3-none-any.whl", hash = "sha256:a0b2b9fe80bbcd81a6647ff13108738cfb482d481d826cc0e02f5b35e5c88d2c", size = 536198 },
]

[[package]]
name = "networkx"
version = "3.1"
source = { registry = "https://pypi.tuna.tsinghua.edu.cn/simple/" }
sdist = { url = "https://pypi.tuna.tsinghua.edu.cn/packages/fd/a1/47b974da1a73f063c158a1f4cc33ed0abf7c04f98a19050e80c533c31f0c/networkx-3.1.tar.gz", hash = "sha256:de346335408f84de0eada6ff9fafafff9bcda11f0a0dfaa931133debb146ab61", size = 2021691 }
wheels = [
    { url = "https://pypi.tuna.tsinghua.edu.cn/packages/a8/05/9d4f9b78ead6b2661d6e8ea772e111fc4a9fbd866ad0c81906c11206b55e/networkx-3.1-py3-none-any.whl", hash = "sha256:4f33f68cb2afcf86f28a45f43efc27a9386b535d567d2127f8f61d51dec58d36", size = 2072251 },
]

[[package]]
name = "numpy"
version = "1.24.4"
source = { registry = "https://pypi.tuna.tsinghua.edu.cn/simple/" }
sdist = { url = "https://pypi.tuna.tsinghua.edu.cn/packages/a4/9b/027bec52c633f6556dba6b722d9a0befb40498b9ceddd29cbe67a45a127c/numpy-1.24.4.tar.gz", hash = "sha256:80f5e3a4e498641401868df4208b74581206afbee7cf7b8329daae82676d9463", size = 10911229 }
wheels = [
    { url = "https://pypi.tuna.tsinghua.edu.cn/packages/11/10/943cfb579f1a02909ff96464c69893b1d25be3731b5d3652c2e0cf1281ea/numpy-1.24.4-cp38-cp38-macosx_10_9_x86_64.whl", hash = "sha256:1452241c290f3e2a312c137a9999cdbf63f78864d63c79039bda65ee86943f61", size = 19780722 },
    { url = "https://pypi.tuna.tsinghua.edu.cn/packages/a7/ae/f53b7b265fdc701e663fbb322a8e9d4b14d9cb7b2385f45ddfabfc4327e4/numpy-1.24.4-cp38-cp38-macosx_11_0_arm64.whl", hash = "sha256:04640dab83f7c6c85abf9cd729c5b65f1ebd0ccf9de90b270cd61935eef0197f", size = 13843102 },
    { url = "https://pypi.tuna.tsinghua.edu.cn/packages/25/6f/2586a50ad72e8dbb1d8381f837008a0321a3516dfd7cb57fc8cf7e4bb06b/numpy-1.24.4-cp38-cp38-manylinux_2_17_aarch64.manylinux2014_aarch64.whl", hash = "sha256:a5425b114831d1e77e4b5d812b69d11d962e104095a5b9c3b641a218abcc050e", size = 14039616 },
    { url = "https://pypi.tuna.tsinghua.edu.cn/packages/98/5d/5738903efe0ecb73e51eb44feafba32bdba2081263d40c5043568ff60faf/numpy-1.24.4-cp38-cp38-manylinux_2_17_x86_64.manylinux2014_x86_64.whl", hash = "sha256:dd80e219fd4c71fc3699fc1dadac5dcf4fd882bfc6f7ec53d30fa197b8ee22dc", size = 17316263 },
    { url = "https://pypi.tuna.tsinghua.edu.cn/packages/d1/57/8d328f0b91c733aa9aa7ee540dbc49b58796c862b4fbcb1146c701e888da/numpy-1.24.4-cp38-cp38-win32.whl", hash = "sha256:4602244f345453db537be5314d3983dbf5834a9701b7723ec28923e2889e0bb2", size = 12455660 },
    { url = "https://pypi.tuna.tsinghua.edu.cn/packages/69/65/0d47953afa0ad569d12de5f65d964321c208492064c38fe3b0b9744f8d44/numpy-1.24.4-cp38-cp38-win_amd64.whl", hash = "sha256:692f2e0f55794943c5bfff12b3f56f99af76f902fc47487bdfe97856de51a706", size = 14868112 },
    { url = "https://pypi.tuna.tsinghua.edu.cn/packages/a4/fd/8dff40e25e937c94257455c237b9b6bf5a30d42dd1cc11555533be099492/numpy-1.24.4-pp38-pypy38_pp73-macosx_10_9_x86_64.whl", hash = "sha256:31f13e25b4e304632a4619d0e0777662c2ffea99fcae2029556b17d8ff958aef", size = 19156590 },
    { url = "https://pypi.tuna.tsinghua.edu.cn/packages/42/e7/4bf953c6e05df90c6d351af69966384fed8e988d0e8c54dad7103b59f3ba/numpy-1.24.4-pp38-pypy38_pp73-manylinux_2_17_x86_64.manylinux2014_x86_64.whl", hash = "sha256:95f7ac6540e95bc440ad77f56e520da5bf877f87dca58bd095288dce8940532a", size = 16705744 },
    { url = "https://pypi.tuna.tsinghua.edu.cn/packages/fc/dd/9106005eb477d022b60b3817ed5937a43dad8fd1f20b0610ea8a32fcb407/numpy-1.24.4-pp38-pypy38_pp73-win_amd64.whl", hash = "sha256:e98f220aa76ca2a977fe435f5b04d7b3470c0a2e6312907b37ba6068f26787f2", size = 14734290 },
]

[[package]]
name = "nvidia-cublas-cu12"
version = "12.1.3.1"
source = { registry = "https://pypi.tuna.tsinghua.edu.cn/simple/" }
wheels = [
    { url = "https://pypi.tuna.tsinghua.edu.cn/packages/37/6d/121efd7382d5b0284239f4ab1fc1590d86d34ed4a4a2fdb13b30ca8e5740/nvidia_cublas_cu12-12.1.3.1-py3-none-manylinux1_x86_64.whl", hash = "sha256:ee53ccca76a6fc08fb9701aa95b6ceb242cdaab118c3bb152af4e579af792728", size = 410594774 },
]

[[package]]
name = "nvidia-cuda-cupti-cu12"
version = "12.1.105"
source = { registry = "https://pypi.tuna.tsinghua.edu.cn/simple/" }
wheels = [
    { url = "https://pypi.tuna.tsinghua.edu.cn/packages/7e/00/6b218edd739ecfc60524e585ba8e6b00554dd908de2c9c66c1af3e44e18d/nvidia_cuda_cupti_cu12-12.1.105-py3-none-manylinux1_x86_64.whl", hash = "sha256:e54fde3983165c624cb79254ae9818a456eb6e87a7fd4d56a2352c24ee542d7e", size = 14109015 },
]

[[package]]
name = "nvidia-cuda-nvrtc-cu12"
version = "12.1.105"
source = { registry = "https://pypi.tuna.tsinghua.edu.cn/simple/" }
wheels = [
    { url = "https://pypi.tuna.tsinghua.edu.cn/packages/b6/9f/c64c03f49d6fbc56196664d05dba14e3a561038a81a638eeb47f4d4cfd48/nvidia_cuda_nvrtc_cu12-12.1.105-py3-none-manylinux1_x86_64.whl", hash = "sha256:339b385f50c309763ca65456ec75e17bbefcbbf2893f462cb8b90584cd27a1c2", size = 23671734 },
]

[[package]]
name = "nvidia-cuda-runtime-cu12"
version = "12.1.105"
source = { registry = "https://pypi.tuna.tsinghua.edu.cn/simple/" }
wheels = [
    { url = "https://pypi.tuna.tsinghua.edu.cn/packages/eb/d5/c68b1d2cdfcc59e72e8a5949a37ddb22ae6cade80cd4a57a84d4c8b55472/nvidia_cuda_runtime_cu12-12.1.105-py3-none-manylinux1_x86_64.whl", hash = "sha256:6e258468ddf5796e25f1dc591a31029fa317d97a0a94ed93468fc86301d61e40", size = 823596 },
]

[[package]]
name = "nvidia-cudnn-cu12"
version = "9.1.0.70"
source = { registry = "https://pypi.tuna.tsinghua.edu.cn/simple/" }
dependencies = [
    { name = "nvidia-cublas-cu12" },
]
wheels = [
    { url = "https://pypi.tuna.tsinghua.edu.cn/packages/9f/fd/713452cd72343f682b1c7b9321e23829f00b842ceaedcda96e742ea0b0b3/nvidia_cudnn_cu12-9.1.0.70-py3-none-manylinux2014_x86_64.whl", hash = "sha256:165764f44ef8c61fcdfdfdbe769d687e06374059fbb388b6c89ecb0e28793a6f", size = 664752741 },
]

[[package]]
name = "nvidia-cufft-cu12"
version = "11.0.2.54"
source = { registry = "https://pypi.tuna.tsinghua.edu.cn/simple/" }
wheels = [
    { url = "https://pypi.tuna.tsinghua.edu.cn/packages/86/94/eb540db023ce1d162e7bea9f8f5aa781d57c65aed513c33ee9a5123ead4d/nvidia_cufft_cu12-11.0.2.54-py3-none-manylinux1_x86_64.whl", hash = "sha256:794e3948a1aa71fd817c3775866943936774d1c14e7628c74f6f7417224cdf56", size = 121635161 },
]

[[package]]
name = "nvidia-curand-cu12"
version = "10.3.2.106"
source = { registry = "https://pypi.tuna.tsinghua.edu.cn/simple/" }
wheels = [
    { url = "https://pypi.tuna.tsinghua.edu.cn/packages/44/31/4890b1c9abc496303412947fc7dcea3d14861720642b49e8ceed89636705/nvidia_curand_cu12-10.3.2.106-py3-none-manylinux1_x86_64.whl", hash = "sha256:9d264c5036dde4e64f1de8c50ae753237c12e0b1348738169cd0f8a536c0e1e0", size = 56467784 },
]

[[package]]
name = "nvidia-cusolver-cu12"
version = "11.4.5.107"
source = { registry = "https://pypi.tuna.tsinghua.edu.cn/simple/" }
dependencies = [
    { name = "nvidia-cublas-cu12" },
    { name = "nvidia-cusparse-cu12" },
    { name = "nvidia-nvjitlink-cu12" },
]
wheels = [
    { url = "https://pypi.tuna.tsinghua.edu.cn/packages/bc/1d/8de1e5c67099015c834315e333911273a8c6aaba78923dd1d1e25fc5f217/nvidia_cusolver_cu12-11.4.5.107-py3-none-manylinux1_x86_64.whl", hash = "sha256:8a7ec542f0412294b15072fa7dab71d31334014a69f953004ea7a118206fe0dd", size = 124161928 },
]

[[package]]
name = "nvidia-cusparse-cu12"
version = "12.1.0.106"
source = { registry = "https://pypi.tuna.tsinghua.edu.cn/simple/" }
dependencies = [
    { name = "nvidia-nvjitlink-cu12" },
]
wheels = [
    { url = "https://pypi.tuna.tsinghua.edu.cn/packages/65/5b/cfaeebf25cd9fdec14338ccb16f6b2c4c7fa9163aefcf057d86b9cc248bb/nvidia_cusparse_cu12-12.1.0.106-py3-none-manylinux1_x86_64.whl", hash = "sha256:f3b50f42cf363f86ab21f720998517a659a48131e8d538dc02f8768237bd884c", size = 195958278 },
]

[[package]]
name = "nvidia-nccl-cu12"
version = "2.20.5"
source = { registry = "https://pypi.tuna.tsinghua.edu.cn/simple/" }
wheels = [
    { url = "https://pypi.tuna.tsinghua.edu.cn/packages/c1/bb/d09dda47c881f9ff504afd6f9ca4f502ded6d8fc2f572cacc5e39da91c28/nvidia_nccl_cu12-2.20.5-py3-none-manylinux2014_aarch64.whl", hash = "sha256:1fc150d5c3250b170b29410ba682384b14581db722b2531b0d8d33c595f33d01", size = 176238458 },
    { url = "https://pypi.tuna.tsinghua.edu.cn/packages/4b/2a/0a131f572aa09f741c30ccd45a8e56316e8be8dfc7bc19bf0ab7cfef7b19/nvidia_nccl_cu12-2.20.5-py3-none-manylinux2014_x86_64.whl", hash = "sha256:057f6bf9685f75215d0c53bf3ac4a10b3e6578351de307abad9e18a99182af56", size = 176249402 },
]

[[package]]
name = "nvidia-nvjitlink-cu12"
version = "12.6.77"
source = { registry = "https://pypi.tuna.tsinghua.edu.cn/simple/" }
wheels = [
    { url = "https://pypi.tuna.tsinghua.edu.cn/packages/11/8c/386018fdffdce2ff8d43fedf192ef7d14cab7501cbf78a106dd2e9f1fc1f/nvidia_nvjitlink_cu12-12.6.77-py3-none-manylinux2014_aarch64.whl", hash = "sha256:3bf10d85bb1801e9c894c6e197e44dd137d2a0a9e43f8450e9ad13f2df0dd52d", size = 19270432 },
    { url = "https://pypi.tuna.tsinghua.edu.cn/packages/fe/e4/486de766851d58699bcfeb3ba6a3beb4d89c3809f75b9d423b9508a8760f/nvidia_nvjitlink_cu12-12.6.77-py3-none-manylinux2014_x86_64.whl", hash = "sha256:9ae346d16203ae4ea513be416495167a0101d33d2d14935aa9c1829a3fb45142", size = 19745114 },
]

[[package]]
name = "nvidia-nvtx-cu12"
version = "12.1.105"
source = { registry = "https://pypi.tuna.tsinghua.edu.cn/simple/" }
wheels = [
    { url = "https://pypi.tuna.tsinghua.edu.cn/packages/da/d3/8057f0587683ed2fcd4dbfbdfdfa807b9160b809976099d36b8f60d08f03/nvidia_nvtx_cu12-12.1.105-py3-none-manylinux1_x86_64.whl", hash = "sha256:dc21cf308ca5691e7c04d962e213f8a4aa9bbfa23d95412f452254c2caeb09e5", size = 99138 },
]

[[package]]
name = "pillow"
version = "10.4.0"
source = { registry = "https://pypi.tuna.tsinghua.edu.cn/simple/" }
sdist = { url = "https://pypi.tuna.tsinghua.edu.cn/packages/cd/74/ad3d526f3bf7b6d3f408b73fde271ec69dfac8b81341a318ce825f2b3812/pillow-10.4.0.tar.gz", hash = "sha256:166c1cd4d24309b30d61f79f4a9114b7b2313d7450912277855ff5dfd7cd4a06", size = 46555059 }
wheels = [
    { url = "https://pypi.tuna.tsinghua.edu.cn/packages/56/70/f40009702a477ce87d8d9faaa4de51d6562b3445d7a314accd06e4ffb01d/pillow-10.4.0-cp38-cp38-macosx_10_10_x86_64.whl", hash = "sha256:8d4d5063501b6dd4024b8ac2f04962d661222d120381272deea52e3fc52d3736", size = 3509213 },
    { url = "https://pypi.tuna.tsinghua.edu.cn/packages/10/43/105823d233c5e5d31cea13428f4474ded9d961652307800979a59d6a4276/pillow-10.4.0-cp38-cp38-macosx_11_0_arm64.whl", hash = "sha256:7c1ee6f42250df403c5f103cbd2768a28fe1a0ea1f0f03fe151c8741e1469c8b", size = 3375883 },
    { url = "https://pypi.tuna.tsinghua.edu.cn/packages/3c/ad/7850c10bac468a20c918f6a5dbba9ecd106ea1cdc5db3c35e33a60570408/pillow-10.4.0-cp38-cp38-manylinux_2_17_aarch64.manylinux2014_aarch64.whl", hash = "sha256:b15e02e9bb4c21e39876698abf233c8c579127986f8207200bc8a8f6bb27acf2", size = 4330810 },
    { url = "https://pypi.tuna.tsinghua.edu.cn/packages/84/4c/69bbed9e436ac22f9ed193a2b64f64d68fcfbc9f4106249dc7ed4889907b/pillow-10.4.0-cp38-cp38-manylinux_2_17_x86_64.manylinux2014_x86_64.whl", hash = "sha256:7a8d4bade9952ea9a77d0c3e49cbd8b2890a399422258a77f357b9cc9be8d680", size = 4444341 },
    { url = "https://pypi.tuna.tsinghua.edu.cn/packages/8f/4f/c183c63828a3f37bf09644ce94cbf72d4929b033b109160a5379c2885932/pillow-10.4.0-cp38-cp38-manylinux_2_28_aarch64.whl", hash = "sha256:43efea75eb06b95d1631cb784aa40156177bf9dd5b4b03ff38979e048258bc6b", size = 4356005 },
    { url = "https://pypi.tuna.tsinghua.edu.cn/packages/fb/ad/435fe29865f98a8fbdc64add8875a6e4f8c97749a93577a8919ec6f32c64/pillow-10.4.0-cp38-cp38-manylinux_2_28_x86_64.whl", hash = "sha256:950be4d8ba92aca4b2bb0741285a46bfae3ca699ef913ec8416c1b78eadd64cd", size = 4525201 },
    { url = "https://pypi.tuna.tsinghua.edu.cn/packages/80/74/be8bf8acdfd70e91f905a12ae13cfb2e17c0f1da745c40141e26d0971ff5/pillow-10.4.0-cp38-cp38-musllinux_1_2_aarch64.whl", hash = "sha256:d7480af14364494365e89d6fddc510a13e5a2c3584cb19ef65415ca57252fb84", size = 4460635 },
    { url = "https://pypi.tuna.tsinghua.edu.cn/packages/e4/90/763616e66dc9ad59c9b7fb58f863755e7934ef122e52349f62c7742b82d3/pillow-10.4.0-cp38-cp38-musllinux_1_2_x86_64.whl", hash = "sha256:73664fe514b34c8f02452ffb73b7a92c6774e39a647087f83d67f010eb9a0cf0", size = 4590283 },
    { url = "https://pypi.tuna.tsinghua.edu.cn/packages/69/66/03002cb5b2c27bb519cba63b9f9aa3709c6f7a5d3b285406c01f03fb77e5/pillow-10.4.0-cp38-cp38-win32.whl", hash = "sha256:e88d5e6ad0d026fba7bdab8c3f225a69f063f116462c49892b0149e21b6c0a0e", size = 2235185 },
    { url = "https://pypi.tuna.tsinghua.edu.cn/packages/f2/75/3cb820b2812405fc7feb3d0deb701ef0c3de93dc02597115e00704591bc9/pillow-10.4.0-cp38-cp38-win_amd64.whl", hash = "sha256:5161eef006d335e46895297f642341111945e2c1c899eb406882a6c61a4357ab", size = 2554594 },
]

[[package]]
name = "py-awesome-scripts"
version = "0.1.0"
source = { editable = "." }
dependencies = [
    { name = "numpy" },
    { name = "pycdlib" },
    { name = "pyfiglet" },
    { name = "pygame" },
    { name = "pypdf" },
    { name = "pyside2" },
    { name = "requests" },
    { name = "torch" },
    { name = "torchaudio" },
    { name = "torchvision" },
]

[package.metadata]
requires-dist = [
    { name = "numpy", specifier = ">=1.24.4" },
    { name = "pycdlib", specifier = ">=1.14.0" },
    { name = "pyfiglet", specifier = ">=0.8.post1" },
    { name = "pygame", specifier = ">=2.6.1" },
    { name = "pypdf", specifier = ">=5.0.1" },
    { name = "pyside2", specifier = ">=5.15.2.1" },
    { name = "requests", specifier = ">=2.32.3" },
    { name = "torch", specifier = ">=2.4.1" },
    { name = "torchaudio", specifier = ">=2.4.1" },
    { name = "torchvision", specifier = ">=0.19.1" },
]

[[package]]
name = "pycdlib"
version = "1.14.0"
source = { registry = "https://pypi.tuna.tsinghua.edu.cn/simple/" }
sdist = { url = "https://pypi.tuna.tsinghua.edu.cn/packages/62/d3/52b8dd7a862aec7cc4043a520490bfc9b408179dc374d0e3416fb0614a86/pycdlib-1.14.0.tar.gz", hash = "sha256:8ec306b31d9c850f28c5fda52438d904edd1e8fcf862c5ffd756272efac9f422", size = 287166 }
wheels = [
    { url = "https://pypi.tuna.tsinghua.edu.cn/packages/0c/dd/95557c0e3bad0e8ba10c0f17d9deffb139b106eda528a744e544799cbbfb/pycdlib-1.14.0-py2.py3-none-any.whl", hash = "sha256:a905827335f0066af3fd416c5cf9b1f29dffaf4d0914b714555213d1809f38d4", size = 213201 },
]

[[package]]
name = "pyfiglet"
version = "0.8.post1"
source = { registry = "https://pypi.tuna.tsinghua.edu.cn/simple/" }
sdist = { url = "https://pypi.tuna.tsinghua.edu.cn/packages/f9/02/48293654fb2e4fdeb4d927f00a380230a832744b6c9af757373a72d018d1/pyfiglet-0.8.post1.tar.gz", hash = "sha256:c6c2321755d09267b438ec7b936825a4910fec696292139e664ca8670e103639" }
wheels = [
    { url = "https://pypi.tuna.tsinghua.edu.cn/packages/33/07/fcfdd7a2872f5b348953de35acce1544dab0c1e8368dca54279b1cde5c15/pyfiglet-0.8.post1-py2.py3-none-any.whl", hash = "sha256:d555bcea17fbeaf70eaefa48bb119352487e629c9b56f30f383e2c62dd67a01c" },
]

[[package]]
name = "pygame"
version = "2.6.1"
source = { registry = "https://pypi.tuna.tsinghua.edu.cn/simple/" }
sdist = { url = "https://pypi.tuna.tsinghua.edu.cn/packages/49/cc/08bba60f00541f62aaa252ce0cfbd60aebd04616c0b9574f755b583e45ae/pygame-2.6.1.tar.gz", hash = "sha256:56fb02ead529cee00d415c3e007f75e0780c655909aaa8e8bf616ee09c9feb1f", size = 14808125 }
wheels = [
    { url = "https://pypi.tuna.tsinghua.edu.cn/packages/7c/03/8a99bbe20925ea0e1fe77ccb4bbe0168f6f9d0fcf64d8f45f02e9bcfeb7d/pygame-2.6.1-cp38-cp38-macosx_10_9_x86_64.whl", hash = "sha256:97ac4e13847b6b293ecaffa5ffce9886c98d09c03309406931cc592f0cea6366", size = 12964830 },
    { url = "https://pypi.tuna.tsinghua.edu.cn/packages/d2/50/caae48e97e3e9ac8970caf0763c373f4f70b5bc7827ef5f967fdff777da1/pygame-2.6.1-cp38-cp38-macosx_11_0_arm64.whl", hash = "sha256:d1a7f2b66ac2e4c9583b6d4c6d6f346fb10a3392c04163f537061f86a448ed5c", size = 12376818 },
    { url = "https://pypi.tuna.tsinghua.edu.cn/packages/60/15/7cbb41f46678555c7aab6b49eddac38b23e426b1a4244af520b826bbcb57/pygame-2.6.1-cp38-cp38-manylinux_2_17_aarch64.manylinux2014_aarch64.whl", hash = "sha256:ac3f033d2be4a9e23660a96afe2986df3a6916227538a6a0061bc218c5088507", size = 13614577 },
    { url = "https://pypi.tuna.tsinghua.edu.cn/packages/e1/0a/57dcdec74445f3fdf3d7dcc786ff38597592a458e8bbfc540aa8a6cb4ce2/pygame-2.6.1-cp38-cp38-manylinux_2_17_i686.manylinux2014_i686.whl", hash = "sha256:a1bf7ab5311bbced70320f1a56701650b4c18231343ae5af42111eea91e0949a", size = 14308698 },
    { url = "https://pypi.tuna.tsinghua.edu.cn/packages/e8/3b/070a1bbac12a6914ea08a0b8f26bb349638233a56c111b5d4561f716f8f2/pygame-2.6.1-cp38-cp38-manylinux_2_17_x86_64.manylinux2014_x86_64.whl", hash = "sha256:21160d9093533eb831f1b708e630706e5ac16b30750571ec27bc3b8364814f38", size = 13982722 },
    { url = "https://pypi.tuna.tsinghua.edu.cn/packages/af/9e/f4fd29d8a41ef19cbf573a1b0bafc4221aae78f610d307033e1250e1cca3/pygame-2.6.1-cp38-cp38-win32.whl", hash = "sha256:7bffdd3eaf394d9645331d1c3a5df9d782ebcc3c5a78f3b657c7879a828dd111", size = 10255798 },
    { url = "https://pypi.tuna.tsinghua.edu.cn/packages/66/a8/503d52d2a4fe1463207b80661d3fe7793346e515f369abe2c3a6552fec11/pygame-2.6.1-cp38-cp38-win_amd64.whl", hash = "sha256:818b4eaec9c4acb6ac64805d4ca8edd4062bebca77bd815c18739fe2842c97e9", size = 10623008 },
    { url = "https://pypi.tuna.tsinghua.edu.cn/packages/06/56/ea9c785258da9f6da939abe8f961c8ce09a8177524a78f94932fbcb2c5d3/pygame-2.6.1-pp38-pypy38_pp73-macosx_10_9_x86_64.whl", hash = "sha256:b7f9f8e6f76de36f4725175d686601214af362a4f30614b4dae2240198e72e6f", size = 12789119 },
]

[[package]]
name = "pypdf"
version = "5.0.1"
source = { registry = "https://pypi.tuna.tsinghua.edu.cn/simple/" }
dependencies = [
    { name = "typing-extensions" },
]
sdist = { url = "https://pypi.tuna.tsinghua.edu.cn/packages/9d/28/6bc2ca8a521512f2904e6aa3028af43a864fe2b66c77ea01bbbc97f52b98/pypdf-5.0.1.tar.gz", hash = "sha256:a361c3c372b4a659f9c8dd438d5ce29a753c79c620dc6e1fd66977651f5547ea", size = 4999113 }
wheels = [
    { url = "https://pypi.tuna.tsinghua.edu.cn/packages/48/8f/9bbf22ba6a00001a45dbc54337e5bbbd43e7d8f34c8158c92cddc45736af/pypdf-5.0.1-py3-none-any.whl", hash = "sha256:ff8a32da6c7a63fea9c32fa4dd837cdd0db7966adf6c14f043e3f12592e992db", size = 294470 },
]

[[package]]
name = "pyside2"
version = "5.15.2.1"
source = { registry = "https://pypi.tuna.tsinghua.edu.cn/simple/" }
dependencies = [
    { name = "shiboken2" },
]
wheels = [
    { url = "https://pypi.tuna.tsinghua.edu.cn/packages/1b/1f/194ed3a9c79abe4d8e8800112d5c19d0b9d7a1aca8b10029043bb3a083d0/PySide2-5.15.2.1-5.15.2-cp35.cp36.cp37.cp38.cp39.cp310-abi3-macosx_10_13_intel.whl", hash = "sha256:a9e2e6bbcb5d2ebb421e46e72244a0f4fe0943b2288115f80a863aacc1de1f06", size = 148464754 },
    { url = "https://pypi.tuna.tsinghua.edu.cn/packages/c2/9a/78ca8bada6cf4d2798e0c823c025c590517d74445837f4eb50bfddce8737/PySide2-5.15.2.1-5.15.2-cp35.cp36.cp37.cp38.cp39.cp310-abi3-manylinux1_x86_64.whl", hash = "sha256:23886c6391ebd916e835fa1b5ae66938048504fd3a2934ae3189a96cd5ac0b46", size = 164306859 },
    { url = "https://pypi.tuna.tsinghua.edu.cn/packages/c9/ae/a8c2b9d7b19a787a9f96ddead3f38e4e7b041ec7ae901953dfa7a2fe2fff/PySide2-5.15.2.1-5.15.2-cp35.cp36.cp37.cp38.cp39.cp310-none-win32.whl", hash = "sha256:439509e53cfe05abbf9a99422a2cbad086408b0f9bf5e6f642ff1b13b1f8b055", size = 116934577 },
    { url = "https://pypi.tuna.tsinghua.edu.cn/packages/ed/5e/d0d540385dcc5eeda877a4288a9a4970e0e7b2282e840c2b08ce5442542e/PySide2-5.15.2.1-5.15.2-cp35.cp36.cp37.cp38.cp39.cp310-none-win_amd64.whl", hash = "sha256:af6b263fe63ba6dea7eaebae80aa7b291491fe66f4f0057c0aafe780cc83da9d", size = 137370554 },
]

[[package]]
name = "requests"
version = "2.32.3"
source = { registry = "https://pypi.tuna.tsinghua.edu.cn/simple/" }
dependencies = [
    { name = "certifi" },
    { name = "charset-normalizer" },
    { name = "idna" },
    { name = "urllib3" },
]
sdist = { url = "https://pypi.tuna.tsinghua.edu.cn/packages/63/70/2bf7780ad2d390a8d301ad0b550f1581eadbd9a20f896afe06353c2a2913/requests-2.32.3.tar.gz", hash = "sha256:55365417734eb18255590a9ff9eb97e9e1da868d4ccd6402399eaf68af20a760", size = 131218 }
wheels = [
    { url = "https://pypi.tuna.tsinghua.edu.cn/packages/f9/9b/335f9764261e915ed497fcdeb11df5dfd6f7bf257d4a6a2a686d80da4d54/requests-2.32.3-py3-none-any.whl", hash = "sha256:70761cfe03c773ceb22aa2f671b4757976145175cdfca038c02654d061d6dcc6", size = 64928 },
]

[[package]]
name = "shiboken2"
version = "5.15.2.1"
source = { registry = "https://pypi.tuna.tsinghua.edu.cn/simple/" }
wheels = [
    { url = "https://pypi.tuna.tsinghua.edu.cn/packages/34/bb/7bad766088a8ccb6512c5d5d1520a51fcc9221b3ec371b134d14d1b269a5/shiboken2-5.15.2.1-5.15.2-cp35.cp36.cp37.cp38.cp39.cp310-abi3-macosx_10_13_intel.whl", hash = "sha256:ffd3d0ec3d508e592d7ee3885d27fee1f279a49989f734eb130f46d9501273a9", size = 958579 },
    { url = "https://pypi.tuna.tsinghua.edu.cn/packages/a6/0e/c1953bb08f45e0f1703e7dc153e9c94ba3042c282ebcd94cada385a9cdb3/shiboken2-5.15.2.1-5.15.2-cp35.cp36.cp37.cp38.cp39.cp310-abi3-manylinux1_x86_64.whl", hash = "sha256:63debfcc531b6a2b4985aa9b71433d2ad3bac542acffc729cc0ecaa3854390c0", size = 975428 },
    { url = "https://pypi.tuna.tsinghua.edu.cn/packages/51/f7/3c34aca909dc844690d4900d9e51b2241faa8c777fd622bead5baeb454d1/shiboken2-5.15.2.1-5.15.2-cp35.cp36.cp37.cp38.cp39.cp310-none-win32.whl", hash = "sha256:eb0da44b6fa60c6bd317b8f219e500595e94e0322b33ec5b4e9f406bedaee555", size = 2164851 },
    { url = "https://pypi.tuna.tsinghua.edu.cn/packages/26/bd/a1b31f49eb35888eae318c27327732b1036f0d921e5c8ec2e7a4276e7445/shiboken2-5.15.2.1-5.15.2-cp35.cp36.cp37.cp38.cp39.cp310-none-win_amd64.whl", hash = "sha256:a0d0fdeb12b72c8af349b9642ccc67afd783dca449309f45e78cda50272fd6b7", size = 2321148 },
]

[[package]]
name = "sympy"
version = "1.13.3"
source = { registry = "https://pypi.tuna.tsinghua.edu.cn/simple/" }
dependencies = [
    { name = "mpmath" },
]
sdist = { url = "https://pypi.tuna.tsinghua.edu.cn/packages/11/8a/5a7fd6284fa8caac23a26c9ddf9c30485a48169344b4bd3b0f02fef1890f/sympy-1.13.3.tar.gz", hash = "sha256:b27fd2c6530e0ab39e275fc9b683895367e51d5da91baa8d3d64db2565fec4d9", size = 7533196 }
wheels = [
    { url = "https://pypi.tuna.tsinghua.edu.cn/packages/99/ff/c87e0622b1dadea79d2fb0b25ade9ed98954c9033722eb707053d310d4f3/sympy-1.13.3-py3-none-any.whl", hash = "sha256:54612cf55a62755ee71824ce692986f23c88ffa77207b30c1368eda4a7060f73", size = 6189483 },
]

[[package]]
name = "torch"
version = "2.4.1"
source = { registry = "https://pypi.tuna.tsinghua.edu.cn/simple/" }
dependencies = [
    { name = "filelock" },
    { name = "fsspec" },
    { name = "jinja2" },
    { name = "networkx" },
    { name = "nvidia-cublas-cu12", marker = "platform_machine == 'x86_64' and platform_system == 'Linux'" },
    { name = "nvidia-cuda-cupti-cu12", marker = "platform_machine == 'x86_64' and platform_system == 'Linux'" },
    { name = "nvidia-cuda-nvrtc-cu12", marker = "platform_machine == 'x86_64' and platform_system == 'Linux'" },
    { name = "nvidia-cuda-runtime-cu12", marker = "platform_machine == 'x86_64' and platform_system == 'Linux'" },
    { name = "nvidia-cudnn-cu12", marker = "platform_machine == 'x86_64' and platform_system == 'Linux'" },
    { name = "nvidia-cufft-cu12", marker = "platform_machine == 'x86_64' and platform_system == 'Linux'" },
    { name = "nvidia-curand-cu12", marker = "platform_machine == 'x86_64' and platform_system == 'Linux'" },
    { name = "nvidia-cusolver-cu12", marker = "platform_machine == 'x86_64' and platform_system == 'Linux'" },
    { name = "nvidia-cusparse-cu12", marker = "platform_machine == 'x86_64' and platform_system == 'Linux'" },
    { name = "nvidia-nccl-cu12", marker = "platform_machine == 'x86_64' and platform_system == 'Linux'" },
    { name = "nvidia-nvtx-cu12", marker = "platform_machine == 'x86_64' and platform_system == 'Linux'" },
    { name = "sympy" },
    { name = "triton", marker = "platform_machine == 'x86_64' and platform_system == 'Linux'" },
    { name = "typing-extensions" },
]
wheels = [
    { url = "https://pypi.tuna.tsinghua.edu.cn/packages/a9/71/45aac46b75742e08d2d6f9fc2b612223b5e36115b8b2ed673b23c21b5387/torch-2.4.1-cp38-cp38-manylinux1_x86_64.whl", hash = "sha256:c99e1db4bf0c5347107845d715b4aa1097e601bdc36343d758963055e9599d93", size = 797075439 },
    { url = "https://pypi.tuna.tsinghua.edu.cn/packages/8e/b4/ed11fb6b5bb0f08e1f9b1f979e22f0e5f1950bda9d5962f8f7da5e0477e3/torch-2.4.1-cp38-cp38-manylinux2014_aarch64.whl", hash = "sha256:b57f07e92858db78c5b72857b4f0b33a65b00dc5d68e7948a8494b0314efb880", size = 89690302 },
    { url = "https://pypi.tuna.tsinghua.edu.cn/packages/9d/58/37166e7f71cd35e7f76d462fa058758a0aa6c31c1a7e26290f7898d37360/torch-2.4.1-cp38-cp38-win_amd64.whl", hash = "sha256:f18197f3f7c15cde2115892b64f17c80dbf01ed72b008020e7da339902742cf6", size = 199437547 },
    { url = "https://pypi.tuna.tsinghua.edu.cn/packages/c4/88/4d9f66de5fe732462a2713c9931cab614d3fd6a9b5d9ee1f04768ad64daa/torch-2.4.1-cp38-none-macosx_11_0_arm64.whl", hash = "sha256:5fc1d4d7ed265ef853579caf272686d1ed87cebdcd04f2a498f800ffc53dab71", size = 62137225 },
]

[[package]]
name = "torchaudio"
version = "2.4.1"
source = { registry = "https://pypi.tuna.tsinghua.edu.cn/simple/" }
dependencies = [
    { name = "torch" },
]
wheels = [
    { url = "https://pypi.tuna.tsinghua.edu.cn/packages/26/ca/9b5c04754898d20ebdded3057465684236bc06697aeaa1a5df7dbcfaf0bc/torchaudio-2.4.1-cp38-cp38-macosx_11_0_arm64.whl", hash = "sha256:4ea0fd00142fe795c75bcc20a303981b56f2327c7f7d321b42a8fef1d78aafa9", size = 1789545 },
    { url = "https://pypi.tuna.tsinghua.edu.cn/packages/f0/61/bd076dce5ef499a60074aab53af4ecc05b656678156c151fd814102253e3/torchaudio-2.4.1-cp38-cp38-manylinux1_x86_64.whl", hash = "sha256:375d8740c8035a50faca7a5afe2fbdb712aa8733715b971b2af61b4003fa1c41", size = 3361001 },
    { url = "https://pypi.tuna.tsinghua.edu.cn/packages/74/30/61ce2912ddfbba0ed97cb291b7482cf9bd4592bd4dd7c5baa3c12502b081/torchaudio-2.4.1-cp38-cp38-manylinux2014_aarch64.whl", hash = "sha256:74d19cf9ca3dad394afcabb7e6f7ed9ab9f59f2540d502826c7ec3e33985251d", size = 1658156 },
    { url = "https://pypi.tuna.tsinghua.edu.cn/packages/39/45/1509f486784ae07367abe47e08d7c5f4c2f08340ae3ce98821a1bdab849e/torchaudio-2.4.1-cp38-cp38-win_amd64.whl", hash = "sha256:40e9fa8fdc8d328ea4aa90be65fd34c5ef975610dbd707545e3664393a8a2497", size = 2417417 },
]

[[package]]
name = "torchvision"
version = "0.19.1"
source = { registry = "https://pypi.tuna.tsinghua.edu.cn/simple/" }
dependencies = [
    { name = "numpy" },
    { name = "pillow" },
    { name = "torch" },
]
wheels = [
    { url = "https://pypi.tuna.tsinghua.edu.cn/packages/5a/1a/61529a059f89b36543f7749c31630a87f212cdefb8ca9a6dc718dd539efc/torchvision-0.19.1-cp38-cp38-macosx_11_0_arm64.whl", hash = "sha256:4c4e4f5b24ea6b087b02ed492ab1e21bba3352c4577e2def14248cfc60732338", size = 1683619 },
    { url = "https://pypi.tuna.tsinghua.edu.cn/packages/ed/15/74800e103ea652bef9fc572661b74a081e2194700f0f5f4f184918218af6/torchvision-0.19.1-cp38-cp38-manylinux1_x86_64.whl", hash = "sha256:9281d63ead929bb19143731154cd1d8bf0b5e9873dff8578a40e90a6bec3c6fa", size = 7039881 },
    { url = "https://pypi.tuna.tsinghua.edu.cn/packages/95/14/b7dadde3ef929936e2139aa3f51f078887b6cc8bee702410979b929224e8/torchvision-0.19.1-cp38-cp38-manylinux2014_aarch64.whl", hash = "sha256:4d10bc9083c4d5fadd7edd7b729700a7be48dab4f62278df3bc73fa48e48a155", size = 14072231 },
    { url = "https://pypi.tuna.tsinghua.edu.cn/packages/f6/4e/17d3137e893e878d2c165268b3f80d59e306e1ac1e0d89d8cccb27cc1d76/torchvision-0.19.1-cp38-cp38-win_amd64.whl", hash = "sha256:ccf085ef1824fb9e16f1901285bf89c298c62dfd93267a39e8ee42c71255242f", size = 1288329 },
]

[[package]]
name = "triton"
version = "3.0.0"
source = { registry = "https://pypi.tuna.tsinghua.edu.cn/simple/" }
dependencies = [
    { name = "filelock" },
]
wheels = [
    { url = "https://pypi.tuna.tsinghua.edu.cn/packages/4d/b4/c37e2776a1390bab7e78a6d52bd525441cb3cad7260a6a00b11b0b702e7c/triton-3.0.0-1-cp38-cp38-manylinux2014_x86_64.manylinux_2_17_x86_64.whl", hash = "sha256:bcbf3b1c48af6a28011a5c40a5b3b9b5330530c3827716b5fbf6d7adcc1e53e9", size = 209352266 },
]

[[package]]
name = "typing-extensions"
version = "4.12.2"
source = { registry = "https://pypi.tuna.tsinghua.edu.cn/simple/" }
sdist = { url = "https://pypi.tuna.tsinghua.edu.cn/packages/df/db/f35a00659bc03fec321ba8bce9420de607a1d37f8342eee1863174c69557/typing_extensions-4.12.2.tar.gz", hash = "sha256:1a7ead55c7e559dd4dee8856e3a88b41225abfe1ce8df57b7c13915fe121ffb8", size = 85321 }
wheels = [
    { url = "https://pypi.tuna.tsinghua.edu.cn/packages/26/9f/ad63fc0248c5379346306f8668cda6e2e2e9c95e01216d2b8ffd9ff037d0/typing_extensions-4.12.2-py3-none-any.whl", hash = "sha256:04e5ca0351e0f3f85c6853954072df659d0d13fac324d0072316b67d7794700d", size = 37438 },
]

[[package]]
name = "urllib3"
version = "2.2.3"
source = { registry = "https://pypi.tuna.tsinghua.edu.cn/simple/" }
sdist = { url = "https://pypi.tuna.tsinghua.edu.cn/packages/ed/63/22ba4ebfe7430b76388e7cd448d5478814d3032121827c12a2cc287e2260/urllib3-2.2.3.tar.gz", hash = "sha256:e7d814a81dad81e6caf2ec9fdedb284ecc9c73076b62654547cc64ccdcae26e9", size = 300677 }
wheels = [
    { url = "https://pypi.tuna.tsinghua.edu.cn/packages/ce/d9/5f4c13cecde62396b0d3fe530a50ccea91e7dfc1ccf0e09c228841bb5ba8/urllib3-2.2.3-py3-none-any.whl", hash = "sha256:ca899ca043dcb1bafa3e262d73aa25c465bfb49e0bd9dd5d59f1d0acba2f8fac", size = 126338 },
]
