version = 1
requires-python = ">=3.12"

[[package]]
name = "colorama"
version = "0.4.6"
source = { registry = "https://pypi.org/simple" }
sdist = { url = "https://files.pythonhosted.org/packages/d8/53/6f443c9a4a8358a93a6792e2acffb9d9d5cb0a5cfd8802644b7b1c9a02e4/colorama-0.4.6.tar.gz", hash = "sha256:08695f5cb7ed6e0531a20572697297273c47b8cae5a63ffc6d6ed5c201be6e44", size = 27697 }
wheels = [
    { url = "https://files.pythonhosted.org/packages/d1/d6/3965ed04c63042e047cb6a3e6ed1a63a35087b6a609aa3a15ed8ac56c221/colorama-0.4.6-py2.py3-none-any.whl", hash = "sha256:4f1d9991f5acc0ca119f9d443620b77f9d6b33703e51011c16baf57afb285fc6", size = 25335 },
]

[[package]]
name = "heatmapcalc"
version = "0.1.0"
source = { editable = "." }
dependencies = [
    { name = "maturin" },
    { name = "numpy" },
    { name = "pip" },
]

[package.dev-dependencies]
dev = [
    { name = "pytest" },
]

[package.metadata]
requires-dist = [
    { name = "maturin", specifier = ">=1.7.4" },
    { name = "numpy", specifier = ">2" },
    { name = "pip", specifier = ">=24.2" },
]

[package.metadata.requires-dev]
dev = [{ name = "pytest", specifier = ">=8" }]

[[package]]
name = "iniconfig"
version = "2.0.0"
source = { registry = "https://pypi.org/simple" }
sdist = { url = "https://files.pythonhosted.org/packages/d7/4b/cbd8e699e64a6f16ca3a8220661b5f83792b3017d0f79807cb8708d33913/iniconfig-2.0.0.tar.gz", hash = "sha256:2d91e135bf72d31a410b17c16da610a82cb55f6b0477d1a902134b24a455b8b3", size = 4646 }
wheels = [
    { url = "https://files.pythonhosted.org/packages/ef/a6/62565a6e1cf69e10f5727360368e451d4b7f58beeac6173dc9db836a5b46/iniconfig-2.0.0-py3-none-any.whl", hash = "sha256:b6a85871a79d2e3b22d2d1b94ac2824226a63c6b741c88f7ae975f18b6778374", size = 5892 },
]

[[package]]
name = "maturin"
version = "1.7.4"
source = { registry = "https://pypi.org/simple" }
sdist = { url = "https://files.pythonhosted.org/packages/51/28/31a650d9209d873b6aec759c944bd284155154d7a01f7f541786d7c435ca/maturin-1.7.4.tar.gz", hash = "sha256:2b349d742a07527d236f0b4b6cab26f53ebecad0ceabfc09ec4c6a396e3176f9", size = 191145 }
wheels = [
    { url = "https://files.pythonhosted.org/packages/85/19/b5be36f3cb30ba72aa2232492d4462409955da134ea25083f0e625618082/maturin-1.7.4-py3-none-linux_armv6l.whl", hash = "sha256:eb7b7753b733ae302c08f80bca7b0c3fda1eea665c2b1922c58795f35a54c833", size = 8215481 },
    { url = "https://files.pythonhosted.org/packages/4f/0a/1b2a2fda3f338dedd219de358d77b01f1138bc4bc6b4c73b6ea01d8ddd9e/maturin-1.7.4-py3-none-macosx_10_12_x86_64.macosx_11_0_arm64.macosx_10_12_universal2.whl", hash = "sha256:0182a9638399c8835afd39d2aeacf56908e37cba3f7abb15816b9df6774fab81", size = 15930801 },
    { url = "https://files.pythonhosted.org/packages/21/df/f75dcd8472f3be5b528942b11444eb4a82aa1aced7d105a8ba39bb85ece8/maturin-1.7.4-py3-none-macosx_10_12_x86_64.whl", hash = "sha256:41a29c5b23f3ebdfe7633637e3de256579a1b2700c04cd68c16ed46934440c5a", size = 8166643 },
    { url = "https://files.pythonhosted.org/packages/87/43/52baa75e6dae9848ea22ae6bd405e7f7da091ba63409b07912048fde2083/maturin-1.7.4-py3-none-manylinux_2_12_i686.manylinux2010_i686.musllinux_1_1_i686.whl", hash = "sha256:23fae44e345a2da5cb391ae878726fb793394826e2f97febe41710bd4099460e", size = 8560688 },
    { url = "https://files.pythonhosted.org/packages/84/97/5e2bfbcf42725ba5f64310423edcf00d90e684a61d55dd0a26b2313a44b6/maturin-1.7.4-py3-none-manylinux_2_12_x86_64.manylinux2010_x86_64.musllinux_1_1_x86_64.whl", hash = "sha256:8b441521c151f0dbe70ed06fb1feb29b855d787bda038ff4330ca962e5d56641", size = 8939107 },
    { url = "https://files.pythonhosted.org/packages/34/59/e0d58ce67a8a6245dcb74ffb81cb12f0cda8b622c8d902f2371de742ae04/maturin-1.7.4-py3-none-manylinux_2_17_aarch64.manylinux2014_aarch64.musllinux_1_1_aarch64.whl", hash = "sha256:7ccb66d0c5297cf06652c5f72cb398f447d3a332eccf5d1e73b3fe14dbc9498c", size = 8425431 },
    { url = "https://files.pythonhosted.org/packages/53/20/4b79324b14a1f39b2c66eb1ad681cf8b0fff1f905374b0cca59fc9c8ef7a/maturin-1.7.4-py3-none-manylinux_2_17_armv7l.manylinux2014_armv7l.musllinux_1_1_armv7l.whl", hash = "sha256:71f668f19e719048605dbca6a1f4d0dc03b987c922ad9c4bf5be03b9b278e4c3", size = 8104459 },
    { url = "https://files.pythonhosted.org/packages/7f/fa/8d9497c62451fc19f52cda1ad652c5dca4e9646ff93be35250070afbc2af/maturin-1.7.4-py3-none-manylinux_2_17_ppc64le.manylinux2014_ppc64le.musllinux_1_1_ppc64le.whl", hash = "sha256:c179fcb2b494f19186781b667320e43d95b3e71fcb1c98fffad9ef6bd6e276b3", size = 8729663 },
    { url = "https://files.pythonhosted.org/packages/a4/e9/15a24263de981928303ca64465d5d9d5062f248b9ceaab3de5857ee0ba83/maturin-1.7.4-py3-none-manylinux_2_17_s390x.manylinux2014_s390x.whl", hash = "sha256:fd5b4b95286f2f376437340f8a4908f4761587212170263084455be8099099a7", size = 10142511 },
    { url = "https://files.pythonhosted.org/packages/a5/5d/59765561ea1a5f993141a403eb4ae85b7a8bd118971de0ed14048e3faf7f/maturin-1.7.4-py3-none-win32.whl", hash = "sha256:35487a424467d1fda4567cbb02d21f09febb10eda22f5fd647b130bc0767dc61", size = 6578873 },
    { url = "https://files.pythonhosted.org/packages/72/50/a9b402aa506bad6c066c7775b1cb3036b7b1c74b9de708ed537ee804ea4a/maturin-1.7.4-py3-none-win_amd64.whl", hash = "sha256:f70c1c8ec9bd4749a53c0f3ae8fdbb326ce45be4f1c5551985ee25a6d7150328", size = 7442039 },
    { url = "https://files.pythonhosted.org/packages/30/38/8e27282ab6ff94291f04e3eb11ba960dfb487605d73cec75177d3a29879a/maturin-1.7.4-py3-none-win_arm64.whl", hash = "sha256:f3d38a6d0c7fd7b04bec30dd470b2173cf9bd184ab6220c1acaf49df6b48faf5", size = 6388008 },
]

[[package]]
name = "numpy"
version = "2.1.2"
source = { registry = "https://pypi.org/simple" }
sdist = { url = "https://files.pythonhosted.org/packages/4b/d1/8a730ea07f4a37d94f9172f4ce1d81064b7a64766b460378be278952de75/numpy-2.1.2.tar.gz", hash = "sha256:13532a088217fa624c99b843eeb54640de23b3414b14aa66d023805eb731066c", size = 18878063 }
wheels = [
    { url = "https://files.pythonhosted.org/packages/a0/7d/554a6838f37f3ada5a55f25173c619d556ae98092a6e01afb6e710501d70/numpy-2.1.2-cp312-cp312-macosx_10_13_x86_64.whl", hash = "sha256:d7bf0a4f9f15b32b5ba53147369e94296f5fffb783db5aacc1be15b4bf72f43b", size = 20848077 },
    { url = "https://files.pythonhosted.org/packages/b0/29/cb48a402ea879e645b16218718f3f7d9588a77d674a9dcf22e4c43487636/numpy-2.1.2-cp312-cp312-macosx_11_0_arm64.whl", hash = "sha256:b1d0fcae4f0949f215d4632be684a539859b295e2d0cb14f78ec231915d644db", size = 13493242 },
    { url = "https://files.pythonhosted.org/packages/56/44/f899b0581766c230da42f751b7b8896d096640b19b312164c267e48d36cb/numpy-2.1.2-cp312-cp312-macosx_14_0_arm64.whl", hash = "sha256:f751ed0a2f250541e19dfca9f1eafa31a392c71c832b6bb9e113b10d050cb0f1", size = 5089219 },
    { url = "https://files.pythonhosted.org/packages/79/8f/b987070d45161a7a4504afc67ed38544ed2c0ed5576263599a0402204a9c/numpy-2.1.2-cp312-cp312-macosx_14_0_x86_64.whl", hash = "sha256:bd33f82e95ba7ad632bc57837ee99dba3d7e006536200c4e9124089e1bf42426", size = 6620167 },
    { url = "https://files.pythonhosted.org/packages/c4/a7/af3329fda3c3ec31d9b650e42bbcd3422fc62a765cbb1405fde4177a0996/numpy-2.1.2-cp312-cp312-manylinux_2_17_aarch64.manylinux2014_aarch64.whl", hash = "sha256:1b8cde4f11f0a975d1fd59373b32e2f5a562ade7cde4f85b7137f3de8fbb29a0", size = 13604905 },
    { url = "https://files.pythonhosted.org/packages/9b/b4/e3c7e6fab0f77fff6194afa173d1f2342073d91b1d3b4b30b17c3fb4407a/numpy-2.1.2-cp312-cp312-manylinux_2_17_x86_64.manylinux2014_x86_64.whl", hash = "sha256:6d95f286b8244b3649b477ac066c6906fbb2905f8ac19b170e2175d3d799f4df", size = 16041825 },
    { url = "https://files.pythonhosted.org/packages/e9/50/6828e66a78aa03147c111f84d55f33ce2dde547cb578d6744a3b06a0124b/numpy-2.1.2-cp312-cp312-musllinux_1_1_x86_64.whl", hash = "sha256:ab4754d432e3ac42d33a269c8567413bdb541689b02d93788af4131018cbf366", size = 16409541 },
    { url = "https://files.pythonhosted.org/packages/bf/72/66af7916d9c3c6dbfbc8acdd4930c65461e1953374a2bc43d00f948f004a/numpy-2.1.2-cp312-cp312-musllinux_1_2_aarch64.whl", hash = "sha256:e585c8ae871fd38ac50598f4763d73ec5497b0de9a0ab4ef5b69f01c6a046142", size = 14081134 },
    { url = "https://files.pythonhosted.org/packages/dc/5a/59a67d84f33fe00ae74f0b5b69dd4f93a586a4aba7f7e19b54b2133db038/numpy-2.1.2-cp312-cp312-win32.whl", hash = "sha256:9c6c754df29ce6a89ed23afb25550d1c2d5fdb9901d9c67a16e0b16eaf7e2550", size = 6237784 },
    { url = "https://files.pythonhosted.org/packages/4c/79/73735a6a5dad6059c085f240a4e74c9270feccd2bc66e4d31b5ca01d329c/numpy-2.1.2-cp312-cp312-win_amd64.whl", hash = "sha256:456e3b11cb79ac9946c822a56346ec80275eaf2950314b249b512896c0d2505e", size = 12568254 },
    { url = "https://files.pythonhosted.org/packages/16/72/716fa1dbe92395a9a623d5049203ff8ddb0cfce65b9df9117c3696ccc011/numpy-2.1.2-cp313-cp313-macosx_10_13_x86_64.whl", hash = "sha256:a84498e0d0a1174f2b3ed769b67b656aa5460c92c9554039e11f20a05650f00d", size = 20834690 },
    { url = "https://files.pythonhosted.org/packages/1e/fb/3e85a39511586053b5c6a59a643879e376fae22230ebfef9cfabb0e032e2/numpy-2.1.2-cp313-cp313-macosx_11_0_arm64.whl", hash = "sha256:4d6ec0d4222e8ffdab1744da2560f07856421b367928026fb540e1945f2eeeaf", size = 13507474 },
    { url = "https://files.pythonhosted.org/packages/35/eb/5677556d9ba13436dab51e129f98d4829d95cd1b6bd0e199c14485a4bdb9/numpy-2.1.2-cp313-cp313-macosx_14_0_arm64.whl", hash = "sha256:259ec80d54999cc34cd1eb8ded513cb053c3bf4829152a2e00de2371bd406f5e", size = 5074742 },
    { url = "https://files.pythonhosted.org/packages/3e/c5/6c5ef5ba41b65a7e51bed50dbf3e1483eb578055633dd013e811a28e96a1/numpy-2.1.2-cp313-cp313-macosx_14_0_x86_64.whl", hash = "sha256:675c741d4739af2dc20cd6c6a5c4b7355c728167845e3c6b0e824e4e5d36a6c3", size = 6606787 },
    { url = "https://files.pythonhosted.org/packages/08/ac/f2f29dd4fd325b379c7dc932a0ebab22f0e031dbe80b2f6019b291a3a544/numpy-2.1.2-cp313-cp313-manylinux_2_17_aarch64.manylinux2014_aarch64.whl", hash = "sha256:05b2d4e667895cc55e3ff2b56077e4c8a5604361fc21a042845ea3ad67465aa8", size = 13601333 },
    { url = "https://files.pythonhosted.org/packages/44/26/63f5f4e5089654dfb858f4892215ed968cd1a68e6f4a83f9961f84f855cb/numpy-2.1.2-cp313-cp313-manylinux_2_17_x86_64.manylinux2014_x86_64.whl", hash = "sha256:43cca367bf94a14aca50b89e9bc2061683116cfe864e56740e083392f533ce7a", size = 16038090 },
    { url = "https://files.pythonhosted.org/packages/1d/21/015e0594de9c3a8d5edd24943d2bd23f102ec71aec026083f822f86497e2/numpy-2.1.2-cp313-cp313-musllinux_1_1_x86_64.whl", hash = "sha256:76322dcdb16fccf2ac56f99048af32259dcc488d9b7e25b51e5eca5147a3fb98", size = 16410865 },
    { url = "https://files.pythonhosted.org/packages/df/01/c1bcf9e6025d79077fbf3f3ee503b50aa7bfabfcd8f4b54f5829f4c00f3f/numpy-2.1.2-cp313-cp313-musllinux_1_2_aarch64.whl", hash = "sha256:32e16a03138cabe0cb28e1007ee82264296ac0983714094380b408097a418cfe", size = 14078077 },
    { url = "https://files.pythonhosted.org/packages/ba/06/db9d127d63bd11591770ba9f3d960f8041e0f895184b9351d4b1b5b56983/numpy-2.1.2-cp313-cp313-win32.whl", hash = "sha256:242b39d00e4944431a3cd2db2f5377e15b5785920421993770cddb89992c3f3a", size = 6234904 },
    { url = "https://files.pythonhosted.org/packages/a9/96/9f61f8f95b6e0ea0aa08633b704c75d1882bdcb331bdf8bfd63263b25b00/numpy-2.1.2-cp313-cp313-win_amd64.whl", hash = "sha256:f2ded8d9b6f68cc26f8425eda5d3877b47343e68ca23d0d0846f4d312ecaa445", size = 12561910 },
    { url = "https://files.pythonhosted.org/packages/36/b8/033f627821784a48e8f75c218033471eebbaacdd933f8979c79637a1b44b/numpy-2.1.2-cp313-cp313t-macosx_10_13_x86_64.whl", hash = "sha256:2ffef621c14ebb0188a8633348504a35c13680d6da93ab5cb86f4e54b7e922b5", size = 20857719 },
    { url = "https://files.pythonhosted.org/packages/96/46/af5726fde5b74ed83f2f17a73386d399319b7ed4d51279fb23b721d0816d/numpy-2.1.2-cp313-cp313t-macosx_11_0_arm64.whl", hash = "sha256:ad369ed238b1959dfbade9018a740fb9392c5ac4f9b5173f420bd4f37ba1f7a0", size = 13518826 },
    { url = "https://files.pythonhosted.org/packages/db/6e/8ce677edf36da1c4dae80afe5529f47690697eb55b4864673af260ccea7b/numpy-2.1.2-cp313-cp313t-macosx_14_0_arm64.whl", hash = "sha256:d82075752f40c0ddf57e6e02673a17f6cb0f8eb3f587f63ca1eaab5594da5b17", size = 5115036 },
    { url = "https://files.pythonhosted.org/packages/6a/ba/3cce44fb1b8438042c11847048812a776f75ee0e7070179c22e4cfbf420c/numpy-2.1.2-cp313-cp313t-macosx_14_0_x86_64.whl", hash = "sha256:1600068c262af1ca9580a527d43dc9d959b0b1d8e56f8a05d830eea39b7c8af6", size = 6628641 },
    { url = "https://files.pythonhosted.org/packages/59/c8/e722998720ccbd35ffbcf1d1b8ed0aa2304af88d3f1c38e06ebf983599b3/numpy-2.1.2-cp313-cp313t-manylinux_2_17_aarch64.manylinux2014_aarch64.whl", hash = "sha256:a26ae94658d3ba3781d5e103ac07a876b3e9b29db53f68ed7df432fd033358a8", size = 13574803 },
    { url = "https://files.pythonhosted.org/packages/7c/8e/fc1fdd83a55476765329ac2913321c4aed5b082a7915095628c4ca30ea72/numpy-2.1.2-cp313-cp313t-manylinux_2_17_x86_64.manylinux2014_x86_64.whl", hash = "sha256:13311c2db4c5f7609b462bc0f43d3c465424d25c626d95040f073e30f7570e35", size = 16021174 },
    { url = "https://files.pythonhosted.org/packages/2a/b6/a790742aa88067adb4bd6c89a946778c1417d4deaeafce3ca928f26d4c52/numpy-2.1.2-cp313-cp313t-musllinux_1_1_x86_64.whl", hash = "sha256:2abbf905a0b568706391ec6fa15161fad0fb5d8b68d73c461b3c1bab6064dd62", size = 16400117 },
    { url = "https://files.pythonhosted.org/packages/48/6f/129e3c17e3befe7fefdeaa6890f4c4df3f3cf0831aa053802c3862da67aa/numpy-2.1.2-cp313-cp313t-musllinux_1_2_aarch64.whl", hash = "sha256:ef444c57d664d35cac4e18c298c47d7b504c66b17c2ea91312e979fcfbdfb08a", size = 14066202 },
]

[[package]]
name = "packaging"
version = "24.1"
source = { registry = "https://pypi.org/simple" }
sdist = { url = "https://files.pythonhosted.org/packages/51/65/50db4dda066951078f0a96cf12f4b9ada6e4b811516bf0262c0f4f7064d4/packaging-24.1.tar.gz", hash = "sha256:026ed72c8ed3fcce5bf8950572258698927fd1dbda10a5e981cdf0ac37f4f002", size = 148788 }
wheels = [
    { url = "https://files.pythonhosted.org/packages/08/aa/cc0199a5f0ad350994d660967a8efb233fe0416e4639146c089643407ce6/packaging-24.1-py3-none-any.whl", hash = "sha256:5b8f2217dbdbd2f7f384c41c628544e6d52f2d0f53c6d0c3ea61aa5d1d7ff124", size = 53985 },
]

[[package]]
name = "pip"
version = "24.2"
source = { registry = "https://pypi.org/simple" }
sdist = { url = "https://files.pythonhosted.org/packages/4d/87/fb90046e096a03aeab235e139436b3fe804cdd447ed2093b0d70eba3f7f8/pip-24.2.tar.gz", hash = "sha256:5b5e490b5e9cb275c879595064adce9ebd31b854e3e803740b72f9ccf34a45b8", size = 1922041 }
wheels = [
    { url = "https://files.pythonhosted.org/packages/d4/55/90db48d85f7689ec6f81c0db0622d704306c5284850383c090e6c7195a5c/pip-24.2-py3-none-any.whl", hash = "sha256:2cd581cf58ab7fcfca4ce8efa6dcacd0de5bf8d0a3eb9ec927e07405f4d9e2a2", size = 1815170 },
]

[[package]]
name = "pluggy"
version = "1.5.0"
source = { registry = "https://pypi.org/simple" }
sdist = { url = "https://files.pythonhosted.org/packages/96/2d/02d4312c973c6050a18b314a5ad0b3210edb65a906f868e31c111dede4a6/pluggy-1.5.0.tar.gz", hash = "sha256:2cffa88e94fdc978c4c574f15f9e59b7f4201d439195c3715ca9e2486f1d0cf1", size = 67955 }
wheels = [
    { url = "https://files.pythonhosted.org/packages/88/5f/e351af9a41f866ac3f1fac4ca0613908d9a41741cfcf2228f4ad853b697d/pluggy-1.5.0-py3-none-any.whl", hash = "sha256:44e1ad92c8ca002de6377e165f3e0f1be63266ab4d554740532335b9d75ea669", size = 20556 },
]

[[package]]
name = "pytest"
version = "8.3.3"
source = { registry = "https://pypi.org/simple" }
dependencies = [
    { name = "colorama", marker = "sys_platform == 'win32'" },
    { name = "iniconfig" },
    { name = "packaging" },
    { name = "pluggy" },
]
sdist = { url = "https://files.pythonhosted.org/packages/8b/6c/62bbd536103af674e227c41a8f3dcd022d591f6eed5facb5a0f31ee33bbc/pytest-8.3.3.tar.gz", hash = "sha256:70b98107bd648308a7952b06e6ca9a50bc660be218d53c257cc1fc94fda10181", size = 1442487 }
wheels = [
    { url = "https://files.pythonhosted.org/packages/6b/77/7440a06a8ead44c7757a64362dd22df5760f9b12dc5f11b6188cd2fc27a0/pytest-8.3.3-py3-none-any.whl", hash = "sha256:a6853c7375b2663155079443d2e45de913a911a11d669df02a50814944db57b2", size = 342341 },
]
